
Microsoft Visual Studio Solution File, Format Version 12.00
# Visual Studio Version 17
VisualStudioVersion = 17.2.32602.215
MinimumVisualStudioVersion = 10.0.40219.1
Project("{9A19103F-16F7-4668-BE54-9A1E7A4F7556}") = "grupo9_controle_estoque", "grupo9_controle_estoque.csproj", "{0187E2E6-F61E-4B44-9ABD-58DBE0E89F5C}"
EndProject
Project("{FAE04EC0-301F-11D3-BF4B-00C04F79EFBC}") = "ControleEstoque.Themes", "..\ControleEstoque.Themes\ControleEstoque.Themes.csproj", "{B9A130A0-6010-436E-9F48-CA58EA0AAEB6}"
EndProject
Global
	GlobalSection(SolutionConfigurationPlatforms) = preSolution
		Debug|Any CPU = Debug|Any CPU
		Release|Any CPU = Release|Any CPU
	EndGlobalSection
	GlobalSection(ProjectConfigurationPlatforms) = postSolution
		{0187E2E6-F61E-4B44-9ABD-58DBE0E89F5C}.Debug|Any CPU.ActiveCfg = Debug|Any CPU
		{0187E2E6-F61E-4B44-9ABD-58DBE0E89F5C}.Debug|Any CPU.Build.0 = Debug|Any CPU
		{0187E2E6-F61E-4B44-9ABD-58DBE0E89F5C}.Release|Any CPU.ActiveCfg = Release|Any CPU
		{0187E2E6-F61E-4B44-9ABD-58DBE0E89F5C}.Release|Any CPU.Build.0 = Release|Any CPU
		{B9A130A0-6010-436E-9F48-CA58EA0AAEB6}.Debug|Any CPU.ActiveCfg = Debug|Any CPU
		{B9A130A0-6010-436E-9F48-CA58EA0AAEB6}.Debug|Any CPU.Build.0 = Debug|Any CPU
		{B9A130A0-6010-436E-9F48-CA58EA0AAEB6}.Release|Any CPU.ActiveCfg = Release|Any CPU
		{B9A130A0-6010-436E-9F48-CA58EA0AAEB6}.Release|Any CPU.Build.0 = Release|Any CPU
	EndGlobalSection
	GlobalSection(SolutionProperties) = preSolution
		HideSolutionNode = FALSE
	EndGlobalSection
	GlobalSection(ExtensibilityGlobals) = postSolution
		SolutionGuid = {9EA2435C-A645-4511-BCC2-AE4AFF332E18}
	EndGlobalSection
EndGlobal
